
Microsoft Visual Studio Solution File, Format Version 12.00
# Visual Studio Version 17
VisualStudioVersion = 17.6.33712.159
MinimumVisualStudioVersion = 10.0.40219.1
Project("{FAE04EC0-301F-11D3-BF4B-00C04F79EFBC}") = "URI1005", "URI1005\URI1005.csproj", "{B0D8E60F-A9DE-4E1C-BE53-63CBED8B79B4}"
EndProject
Global
	GlobalSection(SolutionConfigurationPlatforms) = preSolution
		Debug|Any CPU = Debug|Any CPU
		Release|Any CPU = Release|Any CPU
	EndGlobalSection
	GlobalSection(ProjectConfigurationPlatforms) = postSolution
		{B0D8E60F-A9DE-4E1C-BE53-63CBED8B79B4}.Debug|Any CPU.ActiveCfg = Debug|Any CPU
		{B0D8E60F-A9DE-4E1C-BE53-63CBED8B79B4}.Debug|Any CPU.Build.0 = Debug|Any CPU
		{B0D8E60F-A9DE-4E1C-BE53-63CBED8B79B4}.Release|Any CPU.ActiveCfg = Release|Any CPU
		{B0D8E60F-A9DE-4E1C-BE53-63CBED8B79B4}.Release|Any CPU.Build.0 = Release|Any CPU
	EndGlobalSection
	GlobalSection(SolutionProperties) = preSolution
		HideSolutionNode = FALSE
	EndGlobalSection
	GlobalSection(ExtensibilityGlobals) = postSolution
		SolutionGuid = {5BD6DC5A-E648-415A-BD92-8EFF64838A15}
	EndGlobalSection
EndGlobal
