
Microsoft Visual Studio Solution File, Format Version 12.00
# Visual Studio Version 17
VisualStudioVersion = 17.6.33712.159
MinimumVisualStudioVersion = 10.0.40219.1
Project("{FAE04EC0-301F-11D3-BF4B-00C04F79EFBC}") = "URI1014", "URI1014\URI1014.csproj", "{935CE65C-F116-4B4D-8DA1-10411CA5575B}"
EndProject
Global
	GlobalSection(SolutionConfigurationPlatforms) = preSolution
		Debug|Any CPU = Debug|Any CPU
		Release|Any CPU = Release|Any CPU
	EndGlobalSection
	GlobalSection(ProjectConfigurationPlatforms) = postSolution
		{935CE65C-F116-4B4D-8DA1-10411CA5575B}.Debug|Any CPU.ActiveCfg = Debug|Any CPU
		{935CE65C-F116-4B4D-8DA1-10411CA5575B}.Debug|Any CPU.Build.0 = Debug|Any CPU
		{935CE65C-F116-4B4D-8DA1-10411CA5575B}.Release|Any CPU.ActiveCfg = Release|Any CPU
		{935CE65C-F116-4B4D-8DA1-10411CA5575B}.Release|Any CPU.Build.0 = Release|Any CPU
	EndGlobalSection
	GlobalSection(SolutionProperties) = preSolution
		HideSolutionNode = FALSE
	EndGlobalSection
	GlobalSection(ExtensibilityGlobals) = postSolution
		SolutionGuid = {E9369C08-3DEA-4EB0-853D-729865B33CE6}
	EndGlobalSection
EndGlobal
