
Microsoft Visual Studio Solution File, Format Version 12.00
# Visual Studio Version 17
VisualStudioVersion = 17.6.33712.159
MinimumVisualStudioVersion = 10.0.40219.1
Project("{FAE04EC0-301F-11D3-BF4B-00C04F79EFBC}") = "URI1017", "URI1017\URI1017.csproj", "{ABDE3CE7-5DF5-4EB8-87D7-C64763B340C5}"
EndProject
Global
	GlobalSection(SolutionConfigurationPlatforms) = preSolution
		Debug|Any CPU = Debug|Any CPU
		Release|Any CPU = Release|Any CPU
	EndGlobalSection
	GlobalSection(ProjectConfigurationPlatforms) = postSolution
		{ABDE3CE7-5DF5-4EB8-87D7-C64763B340C5}.Debug|Any CPU.ActiveCfg = Debug|Any CPU
		{ABDE3CE7-5DF5-4EB8-87D7-C64763B340C5}.Debug|Any CPU.Build.0 = Debug|Any CPU
		{ABDE3CE7-5DF5-4EB8-87D7-C64763B340C5}.Release|Any CPU.ActiveCfg = Release|Any CPU
		{ABDE3CE7-5DF5-4EB8-87D7-C64763B340C5}.Release|Any CPU.Build.0 = Release|Any CPU
	EndGlobalSection
	GlobalSection(SolutionProperties) = preSolution
		HideSolutionNode = FALSE
	EndGlobalSection
	GlobalSection(ExtensibilityGlobals) = postSolution
		SolutionGuid = {2E215E89-B6DE-41CA-B88F-3CE8447FF38A}
	EndGlobalSection
EndGlobal
